
Microsoft Visual Studio Solution File, Format Version 12.00
# Visual Studio Version 17
VisualStudioVersion = 17.0.31903.59
MinimumVisualStudioVersion = 10.0.40219.1
Project("{FAE04EC0-301F-11D3-BF4B-00C04F79EFBC}") = "CalcLibrary", "CalcLibrary\CalcLibrary.csproj", "{5A7F7648-428C-43AE-82A5-3C54D7B43CAA}"
EndProject
Project("{FAE04EC0-301F-11D3-BF4B-00C04F79EFBC}") = "CalcLibrary.Tests", "CalcLibrary.Tests\CalcLibrary.Tests.csproj", "{C219E251-0B85-4BF4-9F00-3C16F982B254}"
EndProject
Global
	GlobalSection(SolutionConfigurationPlatforms) = preSolution
		Debug|Any CPU = Debug|Any CPU
		Debug|x64 = Debug|x64
		Debug|x86 = Debug|x86
		Release|Any CPU = Release|Any CPU
		Release|x64 = Release|x64
		Release|x86 = Release|x86
	EndGlobalSection
	GlobalSection(ProjectConfigurationPlatforms) = postSolution
		{5A7F7648-428C-43AE-82A5-3C54D7B43CAA}.Debug|Any CPU.ActiveCfg = Debug|Any CPU
		{5A7F7648-428C-43AE-82A5-3C54D7B43CAA}.Debug|Any CPU.Build.0 = Debug|Any CPU
		{5A7F7648-428C-43AE-82A5-3C54D7B43CAA}.Debug|x64.ActiveCfg = Debug|Any CPU
		{5A7F7648-428C-43AE-82A5-3C54D7B43CAA}.Debug|x64.Build.0 = Debug|Any CPU
		{5A7F7648-428C-43AE-82A5-3C54D7B43CAA}.Debug|x86.ActiveCfg = Debug|Any CPU
		{5A7F7648-428C-43AE-82A5-3C54D7B43CAA}.Debug|x86.Build.0 = Debug|Any CPU
		{5A7F7648-428C-43AE-82A5-3C54D7B43CAA}.Release|Any CPU.ActiveCfg = Release|Any CPU
		{5A7F7648-428C-43AE-82A5-3C54D7B43CAA}.Release|Any CPU.Build.0 = Release|Any CPU
		{5A7F7648-428C-43AE-82A5-3C54D7B43CAA}.Release|x64.ActiveCfg = Release|Any CPU
		{5A7F7648-428C-43AE-82A5-3C54D7B43CAA}.Release|x64.Build.0 = Release|Any CPU
		{5A7F7648-428C-43AE-82A5-3C54D7B43CAA}.Release|x86.ActiveCfg = Release|Any CPU
		{5A7F7648-428C-43AE-82A5-3C54D7B43CAA}.Release|x86.Build.0 = Release|Any CPU
		{C219E251-0B85-4BF4-9F00-3C16F982B254}.Debug|Any CPU.ActiveCfg = Debug|Any CPU
		{C219E251-0B85-4BF4-9F00-3C16F982B254}.Debug|Any CPU.Build.0 = Debug|Any CPU
		{C219E251-0B85-4BF4-9F00-3C16F982B254}.Debug|x64.ActiveCfg = Debug|Any CPU
		{C219E251-0B85-4BF4-9F00-3C16F982B254}.Debug|x64.Build.0 = Debug|Any CPU
		{C219E251-0B85-4BF4-9F00-3C16F982B254}.Debug|x86.ActiveCfg = Debug|Any CPU
		{C219E251-0B85-4BF4-9F00-3C16F982B254}.Debug|x86.Build.0 = Debug|Any CPU
		{C219E251-0B85-4BF4-9F00-3C16F982B254}.Release|Any CPU.ActiveCfg = Release|Any CPU
		{C219E251-0B85-4BF4-9F00-3C16F982B254}.Release|Any CPU.Build.0 = Release|Any CPU
		{C219E251-0B85-4BF4-9F00-3C16F982B254}.Release|x64.ActiveCfg = Release|Any CPU
		{C219E251-0B85-4BF4-9F00-3C16F982B254}.Release|x64.Build.0 = Release|Any CPU
		{C219E251-0B85-4BF4-9F00-3C16F982B254}.Release|x86.ActiveCfg = Release|Any CPU
		{C219E251-0B85-4BF4-9F00-3C16F982B254}.Release|x86.Build.0 = Release|Any CPU
	EndGlobalSection
	GlobalSection(SolutionProperties) = preSolution
		HideSolutionNode = FALSE
	EndGlobalSection
EndGlobal
